
Microsoft Visual Studio Solution File, Format Version 12.00
# Visual Studio 15
Project("{FAE04EC0-301F-11D3-BF4B-00C04F79EFBC}") = "Assembly-CSharp", "Assembly-CSharp.csproj", "{AE869A1B-E8CD-23E4-B410-B06C29E3D78D}"
EndProject
Project("{FAE04EC0-301F-11D3-BF4B-00C04F79EFBC}") = "Assembly-CSharp", "Assembly-CSharp.Player.csproj", "{B381DED8-3B33-1782-9ED2-2043C23296C3}"
EndProject
Global
	GlobalSection(SolutionConfigurationPlatforms) = preSolution
		Debug|Any CPU = Debug|Any CPU
		Release|Any CPU = Release|Any CPU
	EndGlobalSection
	GlobalSection(ProjectConfigurationPlatforms) = postSolution
		{AE869A1B-E8CD-23E4-B410-B06C29E3D78D}.Debug|Any CPU.ActiveCfg = Debug|Any CPU
		{AE869A1B-E8CD-23E4-B410-B06C29E3D78D}.Debug|Any CPU.Build.0 = Debug|Any CPU
		{AE869A1B-E8CD-23E4-B410-B06C29E3D78D}.Release|Any CPU.ActiveCfg = Release|Any CPU
		{AE869A1B-E8CD-23E4-B410-B06C29E3D78D}.Release|Any CPU.Build.0 = Release|Any CPU
		{B381DED8-3B33-1782-9ED2-2043C23296C3}.Debug|Any CPU.ActiveCfg = Debug|Any CPU
		{B381DED8-3B33-1782-9ED2-2043C23296C3}.Debug|Any CPU.Build.0 = Debug|Any CPU
		{B381DED8-3B33-1782-9ED2-2043C23296C3}.Release|Any CPU.ActiveCfg = Release|Any CPU
		{B381DED8-3B33-1782-9ED2-2043C23296C3}.Release|Any CPU.Build.0 = Release|Any CPU
	EndGlobalSection
	GlobalSection(SolutionProperties) = preSolution
		HideSolutionNode = FALSE
	EndGlobalSection
EndGlobal
